
Microsoft Visual Studio Solution File, Format Version 12.00
# Visual Studio 2013
VisualStudioVersion = 12.0.30501.0
MinimumVisualStudioVersion = 10.0.40219.1
Project("{FAE04EC0-301F-11D3-BF4B-00C04F79EFBC}") = "WoaW.RnD.RavenDB.UnitTests", "WoaW.RnD.RavenDB.UnitTests\WoaW.RnD.RavenDB.UnitTests.csproj", "{AAED2077-4881-4E46-92CF-67FE00AE62DA}"
EndProject
Project("{2150E333-8FDC-42A3-9474-1A3956D46DE8}") = ".nuget", ".nuget", "{B8E7E063-90EC-4667-BF87-DDF92480971A}"
	ProjectSection(SolutionItems) = preProject
		.nuget\packages.config = .nuget\packages.config
	EndProjectSection
EndProject
Global
	GlobalSection(SolutionConfigurationPlatforms) = preSolution
		Debug|Any CPU = Debug|Any CPU
		Release|Any CPU = Release|Any CPU
	EndGlobalSection
	GlobalSection(ProjectConfigurationPlatforms) = postSolution
		{AAED2077-4881-4E46-92CF-67FE00AE62DA}.Debug|Any CPU.ActiveCfg = Debug|Any CPU
		{AAED2077-4881-4E46-92CF-67FE00AE62DA}.Debug|Any CPU.Build.0 = Debug|Any CPU
		{AAED2077-4881-4E46-92CF-67FE00AE62DA}.Release|Any CPU.ActiveCfg = Release|Any CPU
		{AAED2077-4881-4E46-92CF-67FE00AE62DA}.Release|Any CPU.Build.0 = Release|Any CPU
	EndGlobalSection
	GlobalSection(SolutionProperties) = preSolution
		HideSolutionNode = FALSE
	EndGlobalSection
EndGlobal
